{
  "name": "blogfrontend",
  "version": "0.0.0",
  "lockfileVersion": 3,
  "requires": true,
  "packages": {
    "": {
      "name": "blogfrontend",
      "version": "0.0.0",
      "dependencies": {
        "@tsparticles/vue3": "^3.0.1",
        "pinia": "^2.1.7",
        "sass": "^1.77.8",
        "sass-loader": "^16.0.1",
        "vue": "^3.4.29",
        "vue-router": "^4.3.3"
      },
      "devDependencies": {
        "@tsconfig/node20": "^20.1.4",
        "@tsparticles/slim": "^3.5.0",
        "@types/node": "^20.14.5",
        "@vitejs/plugin-vue": "^5.0.5",
        "@vue/tsconfig": "^0.5.1",
        "normalize.css": "^8.0.1",
        "npm-run-all2": "^6.2.0",
        "typescript": "~5.4.0",
        "vite": "^5.3.1",
        "vue-tsc": "^2.0.21"
      }
    },
    "node_modules/@babel/helper-string-parser": {
      "version": "7.24.8",
      "license": "MIT",
      "engines": {
        "node": ">=6.9.0"
      }
    },
    "node_modules/@babel/helper-validator-identifier": {
      "version": "7.24.7",
      "license": "MIT",
      "engines": {
        "node": ">=6.9.0"
      }
    },
    "node_modules/@babel/parser": {
      "version": "7.25.4",
      "license": "MIT",
      "dependencies": {
        "@babel/types": "^7.25.4"
      },
      "bin": {
        "parser": "bin/babel-parser.js"
      },
      "engines": {
        "node": ">=6.0.0"
      }
    },
    "node_modules/@babel/types": {
      "version": "7.25.4",
      "license": "MIT",
      "dependencies": {
        "@babel/helper-string-parser": "^7.24.8",
        "@babel/helper-validator-identifier": "^7.24.7",
        "to-fast-properties": "^2.0.0"
      },
      "engines": {
        "node": ">=6.9.0"
      }
    },
    "node_modules/@esbuild/win32-x64": {
      "version": "0.21.5",
      "cpu": [
        "x64"
      ],
      "dev": true,
      "license": "MIT",
      "optional": true,
      "os": [
        "win32"
      ],
      "engines": {
        "node": ">=12"
      }
    },
    "node_modules/@jridgewell/sourcemap-codec": {
      "version": "1.5.0",
      "license": "MIT"
    },
    "node_modules/@rollup/rollup-win32-x64-msvc": {
      "version": "4.21.1",
      "cpu": [
        "x64"
      ],
      "dev": true,
      "license": "MIT",
      "optional": true,
      "os": [
        "win32"
      ]
    },
    "node_modules/@tsconfig/node20": {
      "version": "20.1.4",
      "dev": true,
      "license": "MIT"
    },
    "node_modules/@tsparticles/basic": {
      "version": "3.5.0",
      "resolved": "https://registry.npmmirror.com/@tsparticles/basic/-/basic-3.5.0.tgz",
      "integrity": "sha512-oty33TxM2aHWrzcwWRic1bQ04KBCdpnvzv8JXEkx5Uyp70vgVegUbtKmwGki3shqKZIt3v2qE4I8NsK6onhLrA==",
      "dev": true,
      "funding": [
        {
          "type": "github",
          "url": "https://github.com/sponsors/matteobruni"
        },
        {
          "type": "github",
          "url": "https://github.com/sponsors/tsparticles"
        },
        {
          "type": "buymeacoffee",
          "url": "https://www.buymeacoffee.com/matteobruni"
        }
      ],
      "dependencies": {
        "@tsparticles/engine": "^3.5.0",
        "@tsparticles/move-base": "^3.5.0",
        "@tsparticles/shape-circle": "^3.5.0",
        "@tsparticles/updater-color": "^3.5.0",
        "@tsparticles/updater-opacity": "^3.5.0",
        "@tsparticles/updater-out-modes": "^3.5.0",
        "@tsparticles/updater-size": "^3.5.0"
      }
    },
    "node_modules/@tsparticles/engine": {
      "version": "3.5.0",
      "resolved": "https://registry.npmmirror.com/@tsparticles/engine/-/engine-3.5.0.tgz",
      "integrity": "sha512-RCwrJ2SvSYdhXJ24oUCjSUKEZQ9lXwObOWMvfMC9vS6/bk+Qo0N7Xx8AfumqzP/LebB1YJdlCvuoJMauAon0Pg==",
      "funding": [
        {
          "type": "github",
          "url": "https://github.com/sponsors/matteobruni"
        },
        {
          "type": "github",
          "url": "https://github.com/sponsors/tsparticles"
        },
        {
          "type": "buymeacoffee",
          "url": "https://www.buymeacoffee.com/matteobruni"
        }
      ],
      "hasInstallScript": true
    },
    "node_modules/@tsparticles/interaction-external-attract": {
      "version": "3.5.0",
      "resolved": "https://registry.npmmirror.com/@tsparticles/interaction-external-attract/-/interaction-external-attract-3.5.0.tgz",
      "integrity": "sha512-BQYjoHtq7yaETSvPtzKt93OO9MZ1WuDZj7cFPG+iujNekXiwhLRQ89a+QMcsTrCLx70KLJ7SuTzQL5MT1/kb2Q==",
      "dev": true,
      "dependencies": {
        "@tsparticles/engine": "^3.5.0"
      }
    },
    "node_modules/@tsparticles/interaction-external-bounce": {
      "version": "3.5.0",
      "resolved": "https://registry.npmmirror.com/@tsparticles/interaction-external-bounce/-/interaction-external-bounce-3.5.0.tgz",
      "integrity": "sha512-H/0//dn4zwKes8zWIjolfeokL0VAlj+EkK7LUhznPhPu+Gt+h6aJqPlwC2MdI5Rvcnps8dT7YoCBWBQ4tJH6zg==",
      "dev": true,
      "dependencies": {
        "@tsparticles/engine": "^3.5.0"
      }
    },
    "node_modules/@tsparticles/interaction-external-bubble": {
      "version": "3.5.0",
      "resolved": "https://registry.npmmirror.com/@tsparticles/interaction-external-bubble/-/interaction-external-bubble-3.5.0.tgz",
      "integrity": "sha512-xTS4PQDMC5j9qOAFTC1M9DfBTJl8P8M41ySGtZHnCvVqG0oLlLSw15msniamjXyaoA4tZvBPM6G+GmFdgE9w1A==",
      "dev": true,
      "dependencies": {
        "@tsparticles/engine": "^3.5.0"
      }
    },
    "node_modules/@tsparticles/interaction-external-connect": {
      "version": "3.5.0",
      "resolved": "https://registry.npmmirror.com/@tsparticles/interaction-external-connect/-/interaction-external-connect-3.5.0.tgz",
      "integrity": "sha512-VSpyZ0P8Hu4nq6C917X3tnwEROfGjrm0ivWJmbBv/lFJ9euZ2VeezeITNZNtNvt/hS5vLI8npDetB/wtd994HQ==",
      "dev": true,
      "dependencies": {
        "@tsparticles/engine": "^3.5.0"
      }
    },
    "node_modules/@tsparticles/interaction-external-grab": {
      "version": "3.5.0",
      "resolved": "https://registry.npmmirror.com/@tsparticles/interaction-external-grab/-/interaction-external-grab-3.5.0.tgz",
      "integrity": "sha512-WOTWSGVerlfJZ9zwq8Eyutq1h0LAr1hI/Fs8j7s5qabZjxPzUBV8rhgghZ/nGrHEiB6j8SW4XMHkN6XR0VM9Ww==",
      "dev": true,
      "dependencies": {
        "@tsparticles/engine": "^3.5.0"
      }
    },
    "node_modules/@tsparticles/interaction-external-pause": {
      "version": "3.5.0",
      "resolved": "https://registry.npmmirror.com/@tsparticles/interaction-external-pause/-/interaction-external-pause-3.5.0.tgz",
      "integrity": "sha512-Hnj1mBH5X3d3zwTP6R+tYn45uTq5XGLDINhEzl30EAjXK30LQe8/RgE91O4CsMSrlTmouG0OuHYGC3nyrn/dcw==",
      "dev": true,
      "dependencies": {
        "@tsparticles/engine": "^3.5.0"
      }
    },
    "node_modules/@tsparticles/interaction-external-push": {
      "version": "3.5.0",
      "resolved": "https://registry.npmmirror.com/@tsparticles/interaction-external-push/-/interaction-external-push-3.5.0.tgz",
      "integrity": "sha512-8UNt5lYRhydDJCK7AznR3s1nJj3OCeLcDknARoq7hATdI+G151QAubD9NUUURCZ1GdXpftT5Bh0Bl1YtiZwOhg==",
      "dev": true,
      "dependencies": {
        "@tsparticles/engine": "^3.5.0"
      }
    },
    "node_modules/@tsparticles/interaction-external-remove": {
      "version": "3.5.0",
      "resolved": "https://registry.npmmirror.com/@tsparticles/interaction-external-remove/-/interaction-external-remove-3.5.0.tgz",
      "integrity": "sha512-+qiVRnR8xywg++gn8fagwpuQVh0WWKxIMkY6l6lMw9UoXz8L6MUVgvWaT632EVmkrTgM43pZ1m0W3m9aBY9rZw==",
      "dev": true,
      "dependencies": {
        "@tsparticles/engine": "^3.5.0"
      }
    },
    "node_modules/@tsparticles/interaction-external-repulse": {
      "version": "3.5.0",
      "resolved": "https://registry.npmmirror.com/@tsparticles/interaction-external-repulse/-/interaction-external-repulse-3.5.0.tgz",
      "integrity": "sha512-lTF7iLqCCQ3AbQSDVTpE3TihoVvI322/5QTqQmwylrrmjbDxGu4Hym4BHK5GqDHOdodOnwU2DWjRF5cRx3aPPg==",
      "dev": true,
      "dependencies": {
        "@tsparticles/engine": "^3.5.0"
      }
    },
    "node_modules/@tsparticles/interaction-external-slow": {
      "version": "3.5.0",
      "resolved": "https://registry.npmmirror.com/@tsparticles/interaction-external-slow/-/interaction-external-slow-3.5.0.tgz",
      "integrity": "sha512-KYp1GWbXdnLunFvHJt2YMZMMITebAt0XkzisKoSe+rfvoCbcMGXI2XvDYb0UkGvd8sKTSnHcn7cGH8dhVXXYaQ==",
      "dev": true,
      "dependencies": {
        "@tsparticles/engine": "^3.5.0"
      }
    },
    "node_modules/@tsparticles/interaction-particles-attract": {
      "version": "3.5.0",
      "resolved": "https://registry.npmmirror.com/@tsparticles/interaction-particles-attract/-/interaction-particles-attract-3.5.0.tgz",
      "integrity": "sha512-ICnT9+9ZxINh5ZijyxjFXOOMC/jNQgOXPe+5MxgK/WYXE8mRbRzsOdaxiS3zK5PSFlqtztn189anDbfqcHDutQ==",
      "dev": true,
      "dependencies": {
        "@tsparticles/engine": "^3.5.0"
      }
    },
    "node_modules/@tsparticles/interaction-particles-collisions": {
      "version": "3.5.0",
      "resolved": "https://registry.npmmirror.com/@tsparticles/interaction-particles-collisions/-/interaction-particles-collisions-3.5.0.tgz",
      "integrity": "sha512-KrfyXy4l6nW2z0An2FE4z5R4rEiIONYPcDpkBhWqQK+pyLkHhtGYmqmP7Pb22IC9noFzjOCaR5CNVjWP7B+1vA==",
      "dev": true,
      "dependencies": {
        "@tsparticles/engine": "^3.5.0"
      }
    },
    "node_modules/@tsparticles/interaction-particles-links": {
      "version": "3.5.0",
      "resolved": "https://registry.npmmirror.com/@tsparticles/interaction-particles-links/-/interaction-particles-links-3.5.0.tgz",
      "integrity": "sha512-ZdIixcGcRJMxCq4zxeRAzzbbuN5vVoy3pDDLaO3mnWnfJWywkYZToV0XvOUaHUT2AkUuKa9ZuQKx0LO3z1AO+w==",
      "dev": true,
      "dependencies": {
        "@tsparticles/engine": "^3.5.0"
      }
    },
    "node_modules/@tsparticles/move-base": {
      "version": "3.5.0",
      "resolved": "https://registry.npmmirror.com/@tsparticles/move-base/-/move-base-3.5.0.tgz",
      "integrity": "sha512-9oDk7zTxyhUCstj3lHTNTiWAgqIBzWa2o1tVQFK63Qwq+/WxzJCSwZOocC9PAHGM1IP6nA4zYJSfjbMBTrUocA==",
      "dev": true,
      "dependencies": {
        "@tsparticles/engine": "^3.5.0"
      }
    },
    "node_modules/@tsparticles/move-parallax": {
      "version": "3.5.0",
      "resolved": "https://registry.npmmirror.com/@tsparticles/move-parallax/-/move-parallax-3.5.0.tgz",
      "integrity": "sha512-1NC2OGsbdLc5T4uiRqq7i24b9FIhfaLnx4wVtOQjX48jWfy/ZKOdIEYLFKOPHnaMI0MjinJTNXLi9i6zVNCobg==",
      "dev": true,
      "dependencies": {
        "@tsparticles/engine": "^3.5.0"
      }
    },
    "node_modules/@tsparticles/plugin-easing-quad": {
      "version": "3.5.0",
      "resolved": "https://registry.npmmirror.com/@tsparticles/plugin-easing-quad/-/plugin-easing-quad-3.5.0.tgz",
      "integrity": "sha512-Pd44hTiVlaaeQZwRlP+ih8jKmWuIQdkpPUJS0Qwzeck2nfK01IAflDJoxXxGF53vA8QOrz/K6VdVQJShD8yCsg==",
      "dev": true,
      "funding": [
        {
          "type": "github",
          "url": "https://github.com/sponsors/matteobruni"
        },
        {
          "type": "github",
          "url": "https://github.com/sponsors/tsparticles"
        },
        {
          "type": "buymeacoffee",
          "url": "https://www.buymeacoffee.com/matteobruni"
        }
      ],
      "dependencies": {
        "@tsparticles/engine": "^3.5.0"
      }
    },
    "node_modules/@tsparticles/shape-circle": {
      "version": "3.5.0",
      "resolved": "https://registry.npmmirror.com/@tsparticles/shape-circle/-/shape-circle-3.5.0.tgz",
      "integrity": "sha512-59TmXkeeI6Jzv5vt/D3TkclglabaoEXQi2kbDjSCBK68SXRHzlQu29mSAL41Y5S0Ft5ZJKkAQHX1IqEnm8Hyjg==",
      "dev": true,
      "dependencies": {
        "@tsparticles/engine": "^3.5.0"
      }
    },
    "node_modules/@tsparticles/shape-emoji": {
      "version": "3.5.0",
      "resolved": "https://registry.npmmirror.com/@tsparticles/shape-emoji/-/shape-emoji-3.5.0.tgz",
      "integrity": "sha512-cxWHxQxnG5vLDltkoxdo7KS87uKPwQgf4SDWy/WCxW4Psm1TEeeSGYMJPVed+wWPspOKmLb7u8OaEexgE2pHHQ==",
      "dev": true,
      "dependencies": {
        "@tsparticles/engine": "^3.5.0"
      }
    },
    "node_modules/@tsparticles/shape-image": {
      "version": "3.5.0",
      "resolved": "https://registry.npmmirror.com/@tsparticles/shape-image/-/shape-image-3.5.0.tgz",
      "integrity": "sha512-lWYg7DTv74dSOnXy+4dr7t1/OSuUmxDpIo12Lbxgx/QBN7A5I/HoqbKcs13TSA0RS1hcuMgtti07BcDTEYW3Dw==",
      "dev": true,
      "dependencies": {
        "@tsparticles/engine": "^3.5.0"
      }
    },
    "node_modules/@tsparticles/shape-line": {
      "version": "3.5.0",
      "resolved": "https://registry.npmmirror.com/@tsparticles/shape-line/-/shape-line-3.5.0.tgz",
      "integrity": "sha512-Qc4jwFEi/VnwmGwQBO/kCJEfNYdKHpeXfrdcqmm9c1B4iYHHDoaXJp6asMTggEfeAWu7fyPaO/7MURiPEqg7Hg==",
      "dev": true,
      "dependencies": {
        "@tsparticles/engine": "^3.5.0"
      }
    },
    "node_modules/@tsparticles/shape-polygon": {
      "version": "3.5.0",
      "resolved": "https://registry.npmmirror.com/@tsparticles/shape-polygon/-/shape-polygon-3.5.0.tgz",
      "integrity": "sha512-sqYL+YXpnq3nSWcOEGZaJ4Z7Cb7x8M0iORSLpPdNEIvwDKdPczYyQM95D8ep19Pv1CV5L0uRthV36wg7UpnJ9Q==",
      "dev": true,
      "dependencies": {
        "@tsparticles/engine": "^3.5.0"
      }
    },
    "node_modules/@tsparticles/shape-square": {
      "version": "3.5.0",
      "resolved": "https://registry.npmmirror.com/@tsparticles/shape-square/-/shape-square-3.5.0.tgz",
      "integrity": "sha512-rPHpA4Pzm1W5DIIow+lQS+VS7D2thSBQQbV9eHxb933Wh0/QC3me3w4vovuq7hdtVANhsUVO04n44Gc/2TgHkw==",
      "dev": true,
      "dependencies": {
        "@tsparticles/engine": "^3.5.0"
      }
    },
    "node_modules/@tsparticles/shape-star": {
      "version": "3.5.0",
      "resolved": "https://registry.npmmirror.com/@tsparticles/shape-star/-/shape-star-3.5.0.tgz",
      "integrity": "sha512-EDEJc4MYv3UbOeA3wrZjuJVtZ08PdCzzBij3T/7Tp3HUCf/p9XnfHBd/CPR5Mo6X0xpGfrein8UQN9CjGLHwUA==",
      "dev": true,
      "dependencies": {
        "@tsparticles/engine": "^3.5.0"
      }
    },
    "node_modules/@tsparticles/slim": {
      "version": "3.5.0",
      "resolved": "https://registry.npmmirror.com/@tsparticles/slim/-/slim-3.5.0.tgz",
      "integrity": "sha512-CKx3VtzsY0fs/dQc41PYtL3edm1z2sBROTgvz3adwqMyTWkQGnjLQhsM777Ebb6Yjf5Jxu4TzWOBc2HO7Cstkg==",
      "dev": true,
      "funding": [
        {
          "type": "github",
          "url": "https://github.com/sponsors/matteobruni"
        },
        {
          "type": "github",
          "url": "https://github.com/sponsors/tsparticles"
        },
        {
          "type": "buymeacoffee",
          "url": "https://www.buymeacoffee.com/matteobruni"
        }
      ],
      "dependencies": {
        "@tsparticles/basic": "^3.5.0",
        "@tsparticles/engine": "^3.5.0",
        "@tsparticles/interaction-external-attract": "^3.5.0",
        "@tsparticles/interaction-external-bounce": "^3.5.0",
        "@tsparticles/interaction-external-bubble": "^3.5.0",
        "@tsparticles/interaction-external-connect": "^3.5.0",
        "@tsparticles/interaction-external-grab": "^3.5.0",
        "@tsparticles/interaction-external-pause": "^3.5.0",
        "@tsparticles/interaction-external-push": "^3.5.0",
        "@tsparticles/interaction-external-remove": "^3.5.0",
        "@tsparticles/interaction-external-repulse": "^3.5.0",
        "@tsparticles/interaction-external-slow": "^3.5.0",
        "@tsparticles/interaction-particles-attract": "^3.5.0",
        "@tsparticles/interaction-particles-collisions": "^3.5.0",
        "@tsparticles/interaction-particles-links": "^3.5.0",
        "@tsparticles/move-parallax": "^3.5.0",
        "@tsparticles/plugin-easing-quad": "^3.5.0",
        "@tsparticles/shape-emoji": "^3.5.0",
        "@tsparticles/shape-image": "^3.5.0",
        "@tsparticles/shape-line": "^3.5.0",
        "@tsparticles/shape-polygon": "^3.5.0",
        "@tsparticles/shape-square": "^3.5.0",
        "@tsparticles/shape-star": "^3.5.0",
        "@tsparticles/updater-life": "^3.5.0",
        "@tsparticles/updater-rotate": "^3.5.0",
        "@tsparticles/updater-stroke-color": "^3.5.0"
      }
    },
    "node_modules/@tsparticles/updater-color": {
      "version": "3.5.0",
      "resolved": "https://registry.npmmirror.com/@tsparticles/updater-color/-/updater-color-3.5.0.tgz",
      "integrity": "sha512-TGGgiLixIg37sst2Fj9IV4XbdMwkT6PYanM7qEqyfmv4hJ/RHMQlCznEe6b7OhChQVBg5ov5EMl/BT4/fIWEYw==",
      "dev": true,
      "dependencies": {
        "@tsparticles/engine": "^3.5.0"
      }
    },
    "node_modules/@tsparticles/updater-life": {
      "version": "3.5.0",
      "resolved": "https://registry.npmmirror.com/@tsparticles/updater-life/-/updater-life-3.5.0.tgz",
      "integrity": "sha512-jlMEq16dwN+rZmW/UmLdqaCe4W0NFrVdmXkZV8QWYgu06a+Ucslz337nHYaP89/9rZWpNua/uq1JDjDzaVD5Jg==",
      "dev": true,
      "dependencies": {
        "@tsparticles/engine": "^3.5.0"
      }
    },
    "node_modules/@tsparticles/updater-opacity": {
      "version": "3.5.0",
      "resolved": "https://registry.npmmirror.com/@tsparticles/updater-opacity/-/updater-opacity-3.5.0.tgz",
      "integrity": "sha512-T2YfqdIFV/f5VOg1JQsXu6/owdi9g9K2wrJlBfgteo+IboVp6Lcuo4PGAfilWVkWrTdp1Nz4mz39NrLHfOce2g==",
      "dev": true,
      "dependencies": {
        "@tsparticles/engine": "^3.5.0"
      }
    },
    "node_modules/@tsparticles/updater-out-modes": {
      "version": "3.5.0",
      "resolved": "https://registry.npmmirror.com/@tsparticles/updater-out-modes/-/updater-out-modes-3.5.0.tgz",
      "integrity": "sha512-y6NZe2OSk5SrYdaLwUIQnHICsNEDIdPPJHQ2nAWSvAuPJphlSKjUknc7OaGiFwle6l0OkhWoZZe1rV1ktbw/lA==",
      "dev": true,
      "dependencies": {
        "@tsparticles/engine": "^3.5.0"
      }
    },
    "node_modules/@tsparticles/updater-rotate": {
      "version": "3.5.0",
      "resolved": "https://registry.npmmirror.com/@tsparticles/updater-rotate/-/updater-rotate-3.5.0.tgz",
      "integrity": "sha512-j4qPHQd1eUmDoGnIJOsVswHLqtTof1je+b2GTOLB3WIoKmlyUpzQYjVc7PNfLMuCEUubwpZCfcd/vC80VZeWkg==",
      "dev": true,
      "dependencies": {
        "@tsparticles/engine": "^3.5.0"
      }
    },
    "node_modules/@tsparticles/updater-size": {
      "version": "3.5.0",
      "resolved": "https://registry.npmmirror.com/@tsparticles/updater-size/-/updater-size-3.5.0.tgz",
      "integrity": "sha512-TnWlOChBsVZffT2uO0S4ALGSzxT6UAMIVlhGMGFgSeIlktKMqM+dxDGAPrYa1n8IS2dkVGisiXzsV0Ss6Ceu1A==",
      "dev": true,
      "dependencies": {
        "@tsparticles/engine": "^3.5.0"
      }
    },
    "node_modules/@tsparticles/updater-stroke-color": {
      "version": "3.5.0",
      "resolved": "https://registry.npmmirror.com/@tsparticles/updater-stroke-color/-/updater-stroke-color-3.5.0.tgz",
      "integrity": "sha512-29X1zER+W9IBDv0nTD/jRXnu5rEU7uv7+W1N0B6leBipjAY24sg7Kub2SvXAaBKz6kHHWuCeccBOwIiiTpDqMA==",
      "dev": true,
      "dependencies": {
        "@tsparticles/engine": "^3.5.0"
      }
    },
    "node_modules/@tsparticles/vue3": {
      "version": "3.0.1",
      "resolved": "https://registry.npmmirror.com/@tsparticles/vue3/-/vue3-3.0.1.tgz",
      "integrity": "sha512-BxaSZ0wtxq33SDsrqLkLWoV88Jd5BnBoYjyVhKSNzOLOesCiG8Z5WQC1QZGTez79l/gBe0xaCDF0ng1e2iKJvA==",
      "funding": [
        {
          "type": "github",
          "url": "https://github.com/sponsors/matteobruni"
        },
        {
          "type": "github",
          "url": "https://github.com/sponsors/tsparticles"
        },
        {
          "type": "buymeacoffee",
          "url": "https://www.buymeacoffee.com/matteobruni"
        }
      ],
      "dependencies": {
        "@tsparticles/engine": "^3.0.3",
        "vue": "^3.3.13"
      }
    },
    "node_modules/@types/estree": {
      "version": "1.0.5",
      "dev": true,
      "license": "MIT"
    },
    "node_modules/@types/node": {
      "version": "20.16.1",
      "dev": true,
      "license": "MIT",
      "dependencies": {
        "undici-types": "~6.19.2"
      }
    },
    "node_modules/@vitejs/plugin-vue": {
      "version": "5.1.2",
      "dev": true,
      "license": "MIT",
      "engines": {
        "node": "^18.0.0 || >=20.0.0"
      },
      "peerDependencies": {
        "vite": "^5.0.0",
        "vue": "^3.2.25"
      }
    },
    "node_modules/@volar/language-core": {
      "version": "2.4.0",
      "dev": true,
      "license": "MIT",
      "dependencies": {
        "@volar/source-map": "2.4.0"
      }
    },
    "node_modules/@volar/source-map": {
      "version": "2.4.0",
      "dev": true,
      "license": "MIT"
    },
    "node_modules/@volar/typescript": {
      "version": "2.4.0",
      "dev": true,
      "license": "MIT",
      "dependencies": {
        "@volar/language-core": "2.4.0",
        "path-browserify": "^1.0.1",
        "vscode-uri": "^3.0.8"
      }
    },
    "node_modules/@vue/compiler-core": {
      "version": "3.4.38",
      "license": "MIT",
      "dependencies": {
        "@babel/parser": "^7.24.7",
        "@vue/shared": "3.4.38",
        "entities": "^4.5.0",
        "estree-walker": "^2.0.2",
        "source-map-js": "^1.2.0"
      }
    },
    "node_modules/@vue/compiler-dom": {
      "version": "3.4.38",
      "license": "MIT",
      "dependencies": {
        "@vue/compiler-core": "3.4.38",
        "@vue/shared": "3.4.38"
      }
    },
    "node_modules/@vue/compiler-sfc": {
      "version": "3.4.38",
      "license": "MIT",
      "dependencies": {
        "@babel/parser": "^7.24.7",
        "@vue/compiler-core": "3.4.38",
        "@vue/compiler-dom": "3.4.38",
        "@vue/compiler-ssr": "3.4.38",
        "@vue/shared": "3.4.38",
        "estree-walker": "^2.0.2",
        "magic-string": "^0.30.10",
        "postcss": "^8.4.40",
        "source-map-js": "^1.2.0"
      }
    },
    "node_modules/@vue/compiler-ssr": {
      "version": "3.4.38",
      "license": "MIT",
      "dependencies": {
        "@vue/compiler-dom": "3.4.38",
        "@vue/shared": "3.4.38"
      }
    },
    "node_modules/@vue/compiler-vue2": {
      "version": "2.7.16",
      "dev": true,
      "license": "MIT",
      "dependencies": {
        "de-indent": "^1.0.2",
        "he": "^1.2.0"
      }
    },
    "node_modules/@vue/devtools-api": {
      "version": "6.6.3",
      "license": "MIT"
    },
    "node_modules/@vue/language-core": {
      "version": "2.0.29",
      "dev": true,
      "license": "MIT",
      "dependencies": {
        "@volar/language-core": "~2.4.0-alpha.18",
        "@vue/compiler-dom": "^3.4.0",
        "@vue/compiler-vue2": "^2.7.16",
        "@vue/shared": "^3.4.0",
        "computeds": "^0.0.1",
        "minimatch": "^9.0.3",
        "muggle-string": "^0.4.1",
        "path-browserify": "^1.0.1"
      },
      "peerDependencies": {
        "typescript": "*"
      },
      "peerDependenciesMeta": {
        "typescript": {
          "optional": true
        }
      }
    },
    "node_modules/@vue/reactivity": {
      "version": "3.4.38",
      "license": "MIT",
      "dependencies": {
        "@vue/shared": "3.4.38"
      }
    },
    "node_modules/@vue/runtime-core": {
      "version": "3.4.38",
      "license": "MIT",
      "dependencies": {
        "@vue/reactivity": "3.4.38",
        "@vue/shared": "3.4.38"
      }
    },
    "node_modules/@vue/runtime-dom": {
      "version": "3.4.38",
      "license": "MIT",
      "dependencies": {
        "@vue/reactivity": "3.4.38",
        "@vue/runtime-core": "3.4.38",
        "@vue/shared": "3.4.38",
        "csstype": "^3.1.3"
      }
    },
    "node_modules/@vue/server-renderer": {
      "version": "3.4.38",
      "license": "MIT",
      "dependencies": {
        "@vue/compiler-ssr": "3.4.38",
        "@vue/shared": "3.4.38"
      },
      "peerDependencies": {
        "vue": "3.4.38"
      }
    },
    "node_modules/@vue/shared": {
      "version": "3.4.38",
      "license": "MIT"
    },
    "node_modules/@vue/tsconfig": {
      "version": "0.5.1",
      "dev": true,
      "license": "MIT"
    },
    "node_modules/ansi-styles": {
      "version": "6.2.1",
      "dev": true,
      "license": "MIT",
      "engines": {
        "node": ">=12"
      },
      "funding": {
        "url": "https://github.com/chalk/ansi-styles?sponsor=1"
      }
    },
    "node_modules/anymatch": {
      "version": "3.1.3",
      "resolved": "https://registry.npmmirror.com/anymatch/-/anymatch-3.1.3.tgz",
      "integrity": "sha512-KMReFUr0B4t+D+OBkjR3KYqvocp2XaSzO55UcB6mgQMd3KbcE+mWTyvVV7D/zsdEbNnV6acZUutkiHQXvTr1Rw==",
      "dependencies": {
        "normalize-path": "^3.0.0",
        "picomatch": "^2.0.4"
      },
      "engines": {
        "node": ">= 8"
      }
    },
    "node_modules/balanced-match": {
      "version": "1.0.2",
      "dev": true,
      "license": "MIT"
    },
    "node_modules/binary-extensions": {
      "version": "2.3.0",
      "resolved": "https://registry.npmmirror.com/binary-extensions/-/binary-extensions-2.3.0.tgz",
      "integrity": "sha512-Ceh+7ox5qe7LJuLHoY0feh3pHuUDHAcRUeyL2VYghZwfpkNIy/+8Ocg0a3UuSoYzavmylwuLWQOf3hl0jjMMIw==",
      "engines": {
        "node": ">=8"
      },
      "funding": {
        "url": "https://github.com/sponsors/sindresorhus"
      }
    },
    "node_modules/brace-expansion": {
      "version": "2.0.1",
      "dev": true,
      "license": "MIT",
      "dependencies": {
        "balanced-match": "^1.0.0"
      }
    },
    "node_modules/braces": {
      "version": "3.0.3",
      "resolved": "https://registry.npmmirror.com/braces/-/braces-3.0.3.tgz",
      "integrity": "sha512-yQbXgO/OSZVD2IsiLlro+7Hf6Q18EJrKSEsdoMzKePKXct3gvD8oLcOQdIzGupr5Fj+EDe8gO/lxc1BzfMpxvA==",
      "dependencies": {
        "fill-range": "^7.1.1"
      },
      "engines": {
        "node": ">=8"
      }
    },
    "node_modules/chokidar": {
      "version": "3.6.0",
      "resolved": "https://registry.npmmirror.com/chokidar/-/chokidar-3.6.0.tgz",
      "integrity": "sha512-7VT13fmjotKpGipCW9JEQAusEPE+Ei8nl6/g4FBAmIm0GOOLMua9NDDo/DWp0ZAxCr3cPq5ZpBqmPAQgDda2Pw==",
      "dependencies": {
        "anymatch": "~3.1.2",
        "braces": "~3.0.2",
        "glob-parent": "~5.1.2",
        "is-binary-path": "~2.1.0",
        "is-glob": "~4.0.1",
        "normalize-path": "~3.0.0",
        "readdirp": "~3.6.0"
      },
      "engines": {
        "node": ">= 8.10.0"
      },
      "funding": {
        "url": "https://paulmillr.com/funding/"
      },
      "optionalDependencies": {
        "fsevents": "~2.3.2"
      }
    },
    "node_modules/computeds": {
      "version": "0.0.1",
      "dev": true,
      "license": "MIT"
    },
    "node_modules/cross-spawn": {
      "version": "7.0.3",
      "dev": true,
      "license": "MIT",
      "dependencies": {
        "path-key": "^3.1.0",
        "shebang-command": "^2.0.0",
        "which": "^2.0.1"
      },
      "engines": {
        "node": ">= 8"
      }
    },
    "node_modules/csstype": {
      "version": "3.1.3",
      "license": "MIT"
    },
    "node_modules/de-indent": {
      "version": "1.0.2",
      "dev": true,
      "license": "MIT"
    },
    "node_modules/entities": {
      "version": "4.5.0",
      "license": "BSD-2-Clause",
      "engines": {
        "node": ">=0.12"
      },
      "funding": {
        "url": "https://github.com/fb55/entities?sponsor=1"
      }
    },
    "node_modules/esbuild": {
      "version": "0.21.5",
      "dev": true,
      "hasInstallScript": true,
      "license": "MIT",
      "bin": {
        "esbuild": "bin/esbuild"
      },
      "engines": {
        "node": ">=12"
      },
      "optionalDependencies": {
        "@esbuild/aix-ppc64": "0.21.5",
        "@esbuild/android-arm": "0.21.5",
        "@esbuild/android-arm64": "0.21.5",
        "@esbuild/android-x64": "0.21.5",
        "@esbuild/darwin-arm64": "0.21.5",
        "@esbuild/darwin-x64": "0.21.5",
        "@esbuild/freebsd-arm64": "0.21.5",
        "@esbuild/freebsd-x64": "0.21.5",
        "@esbuild/linux-arm": "0.21.5",
        "@esbuild/linux-arm64": "0.21.5",
        "@esbuild/linux-ia32": "0.21.5",
        "@esbuild/linux-loong64": "0.21.5",
        "@esbuild/linux-mips64el": "0.21.5",
        "@esbuild/linux-ppc64": "0.21.5",
        "@esbuild/linux-riscv64": "0.21.5",
        "@esbuild/linux-s390x": "0.21.5",
        "@esbuild/linux-x64": "0.21.5",
        "@esbuild/netbsd-x64": "0.21.5",
        "@esbuild/openbsd-x64": "0.21.5",
        "@esbuild/sunos-x64": "0.21.5",
        "@esbuild/win32-arm64": "0.21.5",
        "@esbuild/win32-ia32": "0.21.5",
        "@esbuild/win32-x64": "0.21.5"
      }
    },
    "node_modules/estree-walker": {
      "version": "2.0.2",
      "license": "MIT"
    },
    "node_modules/fill-range": {
      "version": "7.1.1",
      "resolved": "https://registry.npmmirror.com/fill-range/-/fill-range-7.1.1.tgz",
      "integrity": "sha512-YsGpe3WHLK8ZYi4tWDg2Jy3ebRz2rXowDxnld4bkQB00cc/1Zw9AWnC0i9ztDJitivtQvaI9KaLyKrc+hBW0yg==",
      "dependencies": {
        "to-regex-range": "^5.0.1"
      },
      "engines": {
        "node": ">=8"
      }
    },
    "node_modules/fsevents": {
      "version": "2.3.3",
      "resolved": "https://registry.npmmirror.com/fsevents/-/fsevents-2.3.3.tgz",
      "integrity": "sha512-5xoDfX+fL7faATnagmWPpbFtwh/R77WmMMqqHGS65C3vvB0YHrgF+B1YmZ3441tMj5n63k0212XNoJwzlhffQw==",
      "hasInstallScript": true,
      "optional": true,
      "os": [
        "darwin"
      ],
      "engines": {
        "node": "^8.16.0 || ^10.6.0 || >=11.0.0"
      }
    },
    "node_modules/glob-parent": {
      "version": "5.1.2",
      "resolved": "https://registry.npmmirror.com/glob-parent/-/glob-parent-5.1.2.tgz",
      "integrity": "sha512-AOIgSQCepiJYwP3ARnGx+5VnTu2HBYdzbGP45eLw1vr3zB3vZLeyed1sC9hnbcOc9/SrMyM5RPQrkGz4aS9Zow==",
      "dependencies": {
        "is-glob": "^4.0.1"
      },
      "engines": {
        "node": ">= 6"
      }
    },
    "node_modules/he": {
      "version": "1.2.0",
      "dev": true,
      "license": "MIT",
      "bin": {
        "he": "bin/he"
      }
    },
    "node_modules/immutable": {
      "version": "4.3.7",
      "resolved": "https://registry.npmmirror.com/immutable/-/immutable-4.3.7.tgz",
      "integrity": "sha512-1hqclzwYwjRDFLjcFxOM5AYkkG0rpFPpr1RLPMEuGczoS7YA8gLhy8SWXYRAA/XwfEHpfo3cw5JGioS32fnMRw=="
    },
    "node_modules/is-binary-path": {
      "version": "2.1.0",
      "resolved": "https://registry.npmmirror.com/is-binary-path/-/is-binary-path-2.1.0.tgz",
      "integrity": "sha512-ZMERYes6pDydyuGidse7OsHxtbI7WVeUEozgR/g7rd0xUimYNlvZRE/K2MgZTjWy725IfelLeVcEM97mmtRGXw==",
      "dependencies": {
        "binary-extensions": "^2.0.0"
      },
      "engines": {
        "node": ">=8"
      }
    },
    "node_modules/is-extglob": {
      "version": "2.1.1",
      "resolved": "https://registry.npmmirror.com/is-extglob/-/is-extglob-2.1.1.tgz",
      "integrity": "sha512-SbKbANkN603Vi4jEZv49LeVJMn4yGwsbzZworEoyEiutsN3nJYdbO36zfhGJ6QEDpOZIFkDtnq5JRxmvl3jsoQ==",
      "engines": {
        "node": ">=0.10.0"
      }
    },
    "node_modules/is-glob": {
      "version": "4.0.3",
      "resolved": "https://registry.npmmirror.com/is-glob/-/is-glob-4.0.3.tgz",
      "integrity": "sha512-xelSayHH36ZgE7ZWhli7pW34hNbNl8Ojv5KVmkJD4hBdD3th8Tfk9vYasLM+mXWOZhFkgZfxhLSnrwRr4elSSg==",
      "dependencies": {
        "is-extglob": "^2.1.1"
      },
      "engines": {
        "node": ">=0.10.0"
      }
    },
    "node_modules/is-number": {
      "version": "7.0.0",
      "resolved": "https://registry.npmmirror.com/is-number/-/is-number-7.0.0.tgz",
      "integrity": "sha512-41Cifkg6e8TylSpdtTpeLVMqvSBEVzTttHvERD741+pnZ8ANv0004MRL43QKPDlK9cGvNp6NZWZUBlbGXYxxng==",
      "engines": {
        "node": ">=0.12.0"
      }
    },
    "node_modules/isexe": {
      "version": "2.0.0",
      "dev": true,
      "license": "ISC"
    },
    "node_modules/json-parse-even-better-errors": {
      "version": "3.0.2",
      "dev": true,
      "license": "MIT",
      "engines": {
        "node": "^14.17.0 || ^16.13.0 || >=18.0.0"
      }
    },
    "node_modules/magic-string": {
      "version": "0.30.11",
      "license": "MIT",
      "dependencies": {
        "@jridgewell/sourcemap-codec": "^1.5.0"
      }
    },
    "node_modules/memorystream": {
      "version": "0.3.1",
      "dev": true,
      "engines": {
        "node": ">= 0.10.0"
      }
    },
    "node_modules/minimatch": {
      "version": "9.0.5",
      "dev": true,
      "license": "ISC",
      "dependencies": {
        "brace-expansion": "^2.0.1"
      },
      "engines": {
        "node": ">=16 || 14 >=14.17"
      },
      "funding": {
        "url": "https://github.com/sponsors/isaacs"
      }
    },
    "node_modules/muggle-string": {
      "version": "0.4.1",
      "dev": true,
      "license": "MIT"
    },
    "node_modules/nanoid": {
      "version": "3.3.7",
      "funding": [
        {
          "type": "github",
          "url": "https://github.com/sponsors/ai"
        }
      ],
      "license": "MIT",
      "bin": {
        "nanoid": "bin/nanoid.cjs"
      },
      "engines": {
        "node": "^10 || ^12 || ^13.7 || ^14 || >=15.0.1"
      }
    },
    "node_modules/neo-async": {
      "version": "2.6.2",
      "resolved": "https://registry.npmmirror.com/neo-async/-/neo-async-2.6.2.tgz",
      "integrity": "sha512-Yd3UES5mWCSqR+qNT93S3UoYUkqAZ9lLg8a7g9rimsWmYGK8cVToA4/sF3RrshdyV3sAGMXVUmpMYOw+dLpOuw=="
    },
    "node_modules/normalize-path": {
      "version": "3.0.0",
      "resolved": "https://registry.npmmirror.com/normalize-path/-/normalize-path-3.0.0.tgz",
      "integrity": "sha512-6eZs5Ls3WtCisHWp9S2GUy8dqkpGi4BVSz3GaqiE6ezub0512ESztXUwUB6C6IKbQkY2Pnb/mD4WYojCRwcwLA==",
      "engines": {
        "node": ">=0.10.0"
      }
    },
    "node_modules/normalize.css": {
      "version": "8.0.1",
      "resolved": "https://registry.npmmirror.com/normalize.css/-/normalize.css-8.0.1.tgz",
      "integrity": "sha512-qizSNPO93t1YUuUhP22btGOo3chcvDFqFaj2TRybP0DMxkHOCTYwp3n34fel4a31ORXy4m1Xq0Gyqpb5m33qIg==",
      "dev": true
    },
    "node_modules/npm-normalize-package-bin": {
      "version": "3.0.1",
      "dev": true,
      "license": "ISC",
      "engines": {
        "node": "^14.17.0 || ^16.13.0 || >=18.0.0"
      }
    },
    "node_modules/npm-run-all2": {
      "version": "6.2.2",
      "dev": true,
      "license": "MIT",
      "dependencies": {
        "ansi-styles": "^6.2.1",
        "cross-spawn": "^7.0.3",
        "memorystream": "^0.3.1",
        "minimatch": "^9.0.0",
        "pidtree": "^0.6.0",
        "read-package-json-fast": "^3.0.2",
        "shell-quote": "^1.7.3"
      },
      "bin": {
        "npm-run-all": "bin/npm-run-all/index.js",
        "npm-run-all2": "bin/npm-run-all/index.js",
        "run-p": "bin/run-p/index.js",
        "run-s": "bin/run-s/index.js"
      },
      "engines": {
        "node": "^14.18.0 || ^16.13.0 || >=18.0.0",
        "npm": ">= 8"
      }
    },
    "node_modules/path-browserify": {
      "version": "1.0.1",
      "dev": true,
      "license": "MIT"
    },
    "node_modules/path-key": {
      "version": "3.1.1",
      "dev": true,
      "license": "MIT",
      "engines": {
        "node": ">=8"
      }
    },
    "node_modules/picocolors": {
      "version": "1.0.1",
      "license": "ISC"
    },
    "node_modules/picomatch": {
      "version": "2.3.1",
      "resolved": "https://registry.npmmirror.com/picomatch/-/picomatch-2.3.1.tgz",
      "integrity": "sha512-JU3teHTNjmE2VCGFzuY8EXzCDVwEqB2a8fsIvwaStHhAWJEeVd1o1QD80CU6+ZdEXXSLbSsuLwJjkCBWqRQUVA==",
      "engines": {
        "node": ">=8.6"
      },
      "funding": {
        "url": "https://github.com/sponsors/jonschlinkert"
      }
    },
    "node_modules/pidtree": {
      "version": "0.6.0",
      "dev": true,
      "license": "MIT",
      "bin": {
        "pidtree": "bin/pidtree.js"
      },
      "engines": {
        "node": ">=0.10"
      }
    },
    "node_modules/pinia": {
      "version": "2.2.2",
      "license": "MIT",
      "dependencies": {
        "@vue/devtools-api": "^6.6.3",
        "vue-demi": "^0.14.10"
      },
      "funding": {
        "url": "https://github.com/sponsors/posva"
      },
      "peerDependencies": {
        "@vue/composition-api": "^1.4.0",
        "typescript": ">=4.4.4",
        "vue": "^2.6.14 || ^3.3.0"
      },
      "peerDependenciesMeta": {
        "@vue/composition-api": {
          "optional": true
        },
        "typescript": {
          "optional": true
        }
      }
    },
    "node_modules/pinia/node_modules/vue-demi": {
      "version": "0.14.10",
      "hasInstallScript": true,
      "license": "MIT",
      "bin": {
        "vue-demi-fix": "bin/vue-demi-fix.js",
        "vue-demi-switch": "bin/vue-demi-switch.js"
      },
      "engines": {
        "node": ">=12"
      },
      "funding": {
        "url": "https://github.com/sponsors/antfu"
      },
      "peerDependencies": {
        "@vue/composition-api": "^1.0.0-rc.1",
        "vue": "^3.0.0-0 || ^2.6.0"
      },
      "peerDependenciesMeta": {
        "@vue/composition-api": {
          "optional": true
        }
      }
    },
    "node_modules/postcss": {
      "version": "8.4.41",
      "funding": [
        {
          "type": "opencollective",
          "url": "https://opencollective.com/postcss/"
        },
        {
          "type": "tidelift",
          "url": "https://tidelift.com/funding/github/npm/postcss"
        },
        {
          "type": "github",
          "url": "https://github.com/sponsors/ai"
        }
      ],
      "license": "MIT",
      "dependencies": {
        "nanoid": "^3.3.7",
        "picocolors": "^1.0.1",
        "source-map-js": "^1.2.0"
      },
      "engines": {
        "node": "^10 || ^12 || >=14"
      }
    },
    "node_modules/read-package-json-fast": {
      "version": "3.0.2",
      "dev": true,
      "license": "ISC",
      "dependencies": {
        "json-parse-even-better-errors": "^3.0.0",
        "npm-normalize-package-bin": "^3.0.0"
      },
      "engines": {
        "node": "^14.17.0 || ^16.13.0 || >=18.0.0"
      }
    },
    "node_modules/readdirp": {
      "version": "3.6.0",
      "resolved": "https://registry.npmmirror.com/readdirp/-/readdirp-3.6.0.tgz",
      "integrity": "sha512-hOS089on8RduqdbhvQ5Z37A0ESjsqz6qnRcffsMU3495FuTdqSm+7bhJ29JvIOsBDEEnan5DPu9t3To9VRlMzA==",
      "dependencies": {
        "picomatch": "^2.2.1"
      },
      "engines": {
        "node": ">=8.10.0"
      }
    },
    "node_modules/rollup": {
      "version": "4.21.1",
      "dev": true,
      "license": "MIT",
      "dependencies": {
        "@types/estree": "1.0.5"
      },
      "bin": {
        "rollup": "dist/bin/rollup"
      },
      "engines": {
        "node": ">=18.0.0",
        "npm": ">=8.0.0"
      },
      "optionalDependencies": {
        "@rollup/rollup-android-arm-eabi": "4.21.1",
        "@rollup/rollup-android-arm64": "4.21.1",
        "@rollup/rollup-darwin-arm64": "4.21.1",
        "@rollup/rollup-darwin-x64": "4.21.1",
        "@rollup/rollup-linux-arm-gnueabihf": "4.21.1",
        "@rollup/rollup-linux-arm-musleabihf": "4.21.1",
        "@rollup/rollup-linux-arm64-gnu": "4.21.1",
        "@rollup/rollup-linux-arm64-musl": "4.21.1",
        "@rollup/rollup-linux-powerpc64le-gnu": "4.21.1",
        "@rollup/rollup-linux-riscv64-gnu": "4.21.1",
        "@rollup/rollup-linux-s390x-gnu": "4.21.1",
        "@rollup/rollup-linux-x64-gnu": "4.21.1",
        "@rollup/rollup-linux-x64-musl": "4.21.1",
        "@rollup/rollup-win32-arm64-msvc": "4.21.1",
        "@rollup/rollup-win32-ia32-msvc": "4.21.1",
        "@rollup/rollup-win32-x64-msvc": "4.21.1",
        "fsevents": "~2.3.2"
      }
    },
    "node_modules/sass": {
      "version": "1.77.8",
      "resolved": "https://registry.npmmirror.com/sass/-/sass-1.77.8.tgz",
      "integrity": "sha512-4UHg6prsrycW20fqLGPShtEvo/WyHRVRHwOP4DzkUrObWoWI05QBSfzU71TVB7PFaL104TwNaHpjlWXAZbQiNQ==",
      "dependencies": {
        "chokidar": ">=3.0.0 <4.0.0",
        "immutable": "^4.0.0",
        "source-map-js": ">=0.6.2 <2.0.0"
      },
      "bin": {
        "sass": "sass.js"
      },
      "engines": {
        "node": ">=14.0.0"
      }
    },
    "node_modules/sass-loader": {
      "version": "16.0.1",
      "resolved": "https://registry.npmmirror.com/sass-loader/-/sass-loader-16.0.1.tgz",
      "integrity": "sha512-xACl1ToTsKnL9Ce5yYpRxrLj9QUDCnwZNhzpC7tKiFyA8zXsd3Ap+HGVnbCgkdQcm43E+i6oKAWBsvGA6ZoiMw==",
      "dependencies": {
        "neo-async": "^2.6.2"
      },
      "engines": {
        "node": ">= 18.12.0"
      },
      "funding": {
        "type": "opencollective",
        "url": "https://opencollective.com/webpack"
      },
      "peerDependencies": {
        "@rspack/core": "0.x || 1.x",
        "node-sass": "^4.0.0 || ^5.0.0 || ^6.0.0 || ^7.0.0 || ^8.0.0 || ^9.0.0",
        "sass": "^1.3.0",
        "sass-embedded": "*",
        "webpack": "^5.0.0"
      },
      "peerDependenciesMeta": {
        "@rspack/core": {
          "optional": true
        },
        "node-sass": {
          "optional": true
        },
        "sass": {
          "optional": true
        },
        "sass-embedded": {
          "optional": true
        },
        "webpack": {
          "optional": true
        }
      }
    },
    "node_modules/semver": {
      "version": "7.6.3",
      "dev": true,
      "license": "ISC",
      "bin": {
        "semver": "bin/semver.js"
      },
      "engines": {
        "node": ">=10"
      }
    },
    "node_modules/shebang-command": {
      "version": "2.0.0",
      "dev": true,
      "license": "MIT",
      "dependencies": {
        "shebang-regex": "^3.0.0"
      },
      "engines": {
        "node": ">=8"
      }
    },
    "node_modules/shebang-regex": {
      "version": "3.0.0",
      "dev": true,
      "license": "MIT",
      "engines": {
        "node": ">=8"
      }
    },
    "node_modules/shell-quote": {
      "version": "1.8.1",
      "dev": true,
      "license": "MIT",
      "funding": {
        "url": "https://github.com/sponsors/ljharb"
      }
    },
    "node_modules/source-map-js": {
      "version": "1.2.0",
      "license": "BSD-3-Clause",
      "engines": {
        "node": ">=0.10.0"
      }
    },
    "node_modules/to-fast-properties": {
      "version": "2.0.0",
      "license": "MIT",
      "engines": {
        "node": ">=4"
      }
    },
    "node_modules/to-regex-range": {
      "version": "5.0.1",
      "resolved": "https://registry.npmmirror.com/to-regex-range/-/to-regex-range-5.0.1.tgz",
      "integrity": "sha512-65P7iz6X5yEr1cwcgvQxbbIw7Uk3gOy5dIdtZ4rDveLqhrdJP+Li/Hx6tyK0NEb+2GCyneCMJiGqrADCSNk8sQ==",
      "dependencies": {
        "is-number": "^7.0.0"
      },
      "engines": {
        "node": ">=8.0"
      }
    },
    "node_modules/typescript": {
      "version": "5.4.5",
      "devOptional": true,
      "license": "Apache-2.0",
      "bin": {
        "tsc": "bin/tsc",
        "tsserver": "bin/tsserver"
      },
      "engines": {
        "node": ">=14.17"
      }
    },
    "node_modules/undici-types": {
      "version": "6.19.8",
      "dev": true,
      "license": "MIT"
    },
    "node_modules/vite": {
      "version": "5.4.2",
      "dev": true,
      "license": "MIT",
      "dependencies": {
        "esbuild": "^0.21.3",
        "postcss": "^8.4.41",
        "rollup": "^4.20.0"
      },
      "bin": {
        "vite": "bin/vite.js"
      },
      "engines": {
        "node": "^18.0.0 || >=20.0.0"
      },
      "funding": {
        "url": "https://github.com/vitejs/vite?sponsor=1"
      },
      "optionalDependencies": {
        "fsevents": "~2.3.3"
      },
      "peerDependencies": {
        "@types/node": "^18.0.0 || >=20.0.0",
        "less": "*",
        "lightningcss": "^1.21.0",
        "sass": "*",
        "sass-embedded": "*",
        "stylus": "*",
        "sugarss": "*",
        "terser": "^5.4.0"
      },
      "peerDependenciesMeta": {
        "@types/node": {
          "optional": true
        },
        "less": {
          "optional": true
        },
        "lightningcss": {
          "optional": true
        },
        "sass": {
          "optional": true
        },
        "sass-embedded": {
          "optional": true
        },
        "stylus": {
          "optional": true
        },
        "sugarss": {
          "optional": true
        },
        "terser": {
          "optional": true
        }
      }
    },
    "node_modules/vscode-uri": {
      "version": "3.0.8",
      "dev": true,
      "license": "MIT"
    },
    "node_modules/vue": {
      "version": "3.4.38",
      "license": "MIT",
      "dependencies": {
        "@vue/compiler-dom": "3.4.38",
        "@vue/compiler-sfc": "3.4.38",
        "@vue/runtime-dom": "3.4.38",
        "@vue/server-renderer": "3.4.38",
        "@vue/shared": "3.4.38"
      },
      "peerDependencies": {
        "typescript": "*"
      },
      "peerDependenciesMeta": {
        "typescript": {
          "optional": true
        }
      }
    },
    "node_modules/vue-router": {
      "version": "4.4.3",
      "license": "MIT",
      "dependencies": {
        "@vue/devtools-api": "^6.6.3"
      },
      "funding": {
        "url": "https://github.com/sponsors/posva"
      },
      "peerDependencies": {
        "vue": "^3.2.0"
      }
    },
    "node_modules/vue-tsc": {
      "version": "2.0.29",
      "dev": true,
      "license": "MIT",
      "dependencies": {
        "@volar/typescript": "~2.4.0-alpha.18",
        "@vue/language-core": "2.0.29",
        "semver": "^7.5.4"
      },
      "bin": {
        "vue-tsc": "bin/vue-tsc.js"
      },
      "peerDependencies": {
        "typescript": ">=5.0.0"
      }
    },
    "node_modules/which": {
      "version": "2.0.2",
      "dev": true,
      "license": "ISC",
      "dependencies": {
        "isexe": "^2.0.0"
      },
      "bin": {
        "node-which": "bin/node-which"
      },
      "engines": {
        "node": ">= 8"
      }
    }
  }
}
